<?xml version="1.0" encoding="utf-8"?>
<Project ToolsVersion="4.0" xmlns="http://schemas.microsoft.com/developer/msbuild/2003">
  <ItemGroup>
    <Filter Include="源文件">
      <UniqueIdentifier>{4FC737F1-C7A5-4376-A066-2A32D752A2FF}</UniqueIdentifier>
      <Extensions>cpp;c;cc;cxx;c++;cppm;ixx;def;odl;idl;hpj;bat;asm;asmx</Extensions>
    </Filter>
    <Filter Include="头文件">
      <UniqueIdentifier>{93995380-89BD-4b04-88EB-625FBE52EBFB}</UniqueIdentifier>
      <Extensions>h;hh;hpp;hxx;h++;hm;inl;inc;ipp;xsd</Extensions>
    </Filter>
    <Filter Include="资源文件">
      <UniqueIdentifier>{67DA6AB6-F800-4c08-8B7A-83BB121AAD01}</UniqueIdentifier>
      <Extensions>rc;ico;cur;bmp;dlg;rc2;rct;bin;rgs;gif;jpg;jpeg;jpe;resx;tiff;tif;png;wav;mfcribbon-ms</Extensions>
    </Filter>
  </ItemGroup>
  <ItemGroup>
    <ClInclude Include="..\..\CSSC_compression_code\CSSC_compression_code\ByteArrayOutputStream.h">
      <Filter>头文件</Filter>
    </ClInclude>
    <ClInclude Include="..\..\CSSC_compression_code\CSSC_compression_code\ByteBuffer.h">
      <Filter>头文件</Filter>
    </ClInclude>
    <ClInclude Include="..\..\CSSC_compression_code\CSSC_compression_code\FloatDeltaDecoder.h">
      <Filter>头文件</Filter>
    </ClInclude>
    <ClInclude Include="..\..\CSSC_compression_code\CSSC_compression_code\FloatDeltaEncoder.h">
      <Filter>头文件</Filter>
    </ClInclude>
    <ClInclude Include="..\..\CSSC_compression_code\CSSC_compression_code\IntDeltaDecoder.h">
      <Filter>头文件</Filter>
    </ClInclude>
    <ClInclude Include="..\..\CSSC_compression_code\CSSC_compression_code\IntDeltaEncoder.h">
      <Filter>头文件</Filter>
    </ClInclude>
    <ClInclude Include="..\..\CSSC_compression_code\CSSC_compression_code\IntPacker.h">
      <Filter>头文件</Filter>
    </ClInclude>
    <ClInclude Include="..\..\CSSC_compression_code\CSSC_compression_code\IntRleEncoder.h">
      <Filter>头文件</Filter>
    </ClInclude>
    <ClInclude Include="..\..\CSSC_compression_code\CSSC_compression_code\LongDeltaDecoder.h">
      <Filter>头文件</Filter>
    </ClInclude>
    <ClInclude Include="..\..\CSSC_compression_code\CSSC_compression_code\LongDeltaEncoder.h">
      <Filter>头文件</Filter>
    </ClInclude>
    <ClInclude Include="..\..\CSSC_compression_code\CSSC_compression_code\RleEncoder.h">
      <Filter>头文件</Filter>
    </ClInclude>
    <ClInclude Include="..\..\CSSC_compression_code\CSSC_compression_code\TS_2DIFF_decoder.h">
      <Filter>头文件</Filter>
    </ClInclude>
    <ClInclude Include="..\..\CSSC_compression_code\CSSC_compression_code\TS_2DIFF_encoder.h">
      <Filter>头文件</Filter>
    </ClInclude>
    <ClInclude Include="..\..\CSSC_compression_code\CSSC_compression_code\zconf.h">
      <Filter>头文件</Filter>
    </ClInclude>
    <ClInclude Include="..\..\CSSC_compression_code\CSSC_compression_code\zutil.h">
      <Filter>头文件</Filter>
    </ClInclude>
    <ClInclude Include="GZIP.h">
      <Filter>头文件</Filter>
    </ClInclude>
    <ClInclude Include="..\..\CSSC_compression_code\CSSC_compression_code\zlib.h">
      <Filter>头文件</Filter>
    </ClInclude>
    <ClInclude Include="..\..\CSSC_compression_code\CSSC_compression_code\FloatRleEncoder.h">
      <Filter>头文件</Filter>
    </ClInclude>
    <ClInclude Include="..\..\CSSC_compression_code\CSSC_compression_code\BitVectorEncoder.h">
      <Filter>头文件</Filter>
    </ClInclude>
    <ClInclude Include="..\..\CSSC_compression_code\CSSC_compression_code\BitVectorDecoder.h">
      <Filter>头文件</Filter>
    </ClInclude>
    <ClInclude Include="..\..\CSSC_compression_code\CSSC_compression_code\IndexEncoder.h">
      <Filter>头文件</Filter>
    </ClInclude>
    <ClInclude Include="..\..\CSSC_compression_code\CSSC_compression_code\IndexDecoder.h">
      <Filter>头文件</Filter>
    </ClInclude>
  </ItemGroup>
  <ItemGroup>
    <ClCompile Include="..\..\CSSC_compression_code\CSSC_compression_code\ByteArrayOutputStream.cpp">
      <Filter>源文件</Filter>
    </ClCompile>
    <ClCompile Include="..\..\CSSC_compression_code\CSSC_compression_code\ByteBuffer.cpp">
      <Filter>源文件</Filter>
    </ClCompile>
    <ClCompile Include="..\..\CSSC_compression_code\CSSC_compression_code\FloatDeltaDecoder.cpp">
      <Filter>源文件</Filter>
    </ClCompile>
    <ClCompile Include="..\..\CSSC_compression_code\CSSC_compression_code\FloatDeltaEncoder.cpp">
      <Filter>源文件</Filter>
    </ClCompile>
    <ClCompile Include="..\..\CSSC_compression_code\CSSC_compression_code\IntDeltaDecoder.cpp">
      <Filter>源文件</Filter>
    </ClCompile>
    <ClCompile Include="..\..\CSSC_compression_code\CSSC_compression_code\IntDeltaEncoder.cpp">
      <Filter>源文件</Filter>
    </ClCompile>
    <ClCompile Include="..\..\CSSC_compression_code\CSSC_compression_code\IntPacker.cpp">
      <Filter>源文件</Filter>
    </ClCompile>
    <ClCompile Include="..\..\CSSC_compression_code\CSSC_compression_code\IntRleEncoder.cpp">
      <Filter>源文件</Filter>
    </ClCompile>
    <ClCompile Include="..\..\CSSC_compression_code\CSSC_compression_code\LongDeltaDecoder.cpp">
      <Filter>源文件</Filter>
    </ClCompile>
    <ClCompile Include="..\..\CSSC_compression_code\CSSC_compression_code\LongDeltaEncoder.cpp">
      <Filter>源文件</Filter>
    </ClCompile>
    <ClCompile Include="..\..\CSSC_compression_code\CSSC_compression_code\main.cpp">
      <Filter>源文件</Filter>
    </ClCompile>
    <ClCompile Include="..\..\CSSC_compression_code\CSSC_compression_code\RleEncoder.cpp">
      <Filter>源文件</Filter>
    </ClCompile>
    <ClCompile Include="..\..\CSSC_compression_code\CSSC_compression_code\TS_2DIFF_decoder.cpp">
      <Filter>源文件</Filter>
    </ClCompile>
    <ClCompile Include="..\..\CSSC_compression_code\CSSC_compression_code\TS_2DIFF_encoder.cpp">
      <Filter>源文件</Filter>
    </ClCompile>
    <ClCompile Include="..\..\CSSC_compression_code\CSSC_compression_code\FloatRleEncoder.cpp">
      <Filter>源文件</Filter>
    </ClCompile>
    <ClCompile Include="..\..\CSSC_compression_code\CSSC_compression_code\BitVectorEncoder.cpp">
      <Filter>源文件</Filter>
    </ClCompile>
    <ClCompile Include="..\..\CSSC_compression_code\CSSC_compression_code\BitVectorDecoder.cpp">
      <Filter>源文件</Filter>
    </ClCompile>
    <ClCompile Include="..\..\CSSC_compression_code\CSSC_compression_code\IndexEncoder.cpp">
      <Filter>源文件</Filter>
    </ClCompile>
    <ClCompile Include="..\..\CSSC_compression_code\CSSC_compression_code\IndexDecoder.cpp">
      <Filter>源文件</Filter>
    </ClCompile>
  </ItemGroup>
</Project>