<?xml version="1.0" encoding="utf-8"?>
<Project ToolsVersion="4.0" xmlns="http://schemas.microsoft.com/developer/msbuild/2003">
  <ItemGroup>
    <Filter Include="源文件">
      <UniqueIdentifier>{4FC737F1-C7A5-4376-A066-2A32D752A2FF}</UniqueIdentifier>
      <Extensions>cpp;c;cc;cxx;c++;cppm;ixx;def;odl;idl;hpj;bat;asm;asmx</Extensions>
    </Filter>
    <Filter Include="头文件">
      <UniqueIdentifier>{93995380-89BD-4b04-88EB-625FBE52EBFB}</UniqueIdentifier>
      <Extensions>h;hh;hpp;hxx;h++;hm;inl;inc;ipp;xsd</Extensions>
    </Filter>
    <Filter Include="资源文件">
      <UniqueIdentifier>{67DA6AB6-F800-4c08-8B7A-83BB121AAD01}</UniqueIdentifier>
      <Extensions>rc;ico;cur;bmp;dlg;rc2;rct;bin;rgs;gif;jpg;jpeg;jpe;resx;tiff;tif;png;wav;mfcribbon-ms</Extensions>
    </Filter>
    <Filter Include="头文件\Encoder">
      <UniqueIdentifier>{7c52dd2f-d09b-42c4-8868-e960716ebd7e}</UniqueIdentifier>
    </Filter>
    <Filter Include="头文件\File">
      <UniqueIdentifier>{790681a4-9516-4caa-8fec-dc010516afa9}</UniqueIdentifier>
    </Filter>
    <Filter Include="头文件\GZIP">
      <UniqueIdentifier>{e83e4e7f-e655-45df-8c0a-ffbb2f5d93e4}</UniqueIdentifier>
    </Filter>
  </ItemGroup>
  <ItemGroup>
    <ClCompile Include="main.cpp">
      <Filter>源文件</Filter>
    </ClCompile>
    <ClCompile Include="TS_2DIFF_encoder.cpp">
      <Filter>源文件</Filter>
    </ClCompile>
    <ClCompile Include="LongDeltaEncoder.h">
      <Filter>头文件\Encoder</Filter>
    </ClCompile>
    <ClCompile Include="LongDeltaEncoder.cpp">
      <Filter>源文件</Filter>
    </ClCompile>
    <ClCompile Include="ByteArrayOutputStream.cpp">
      <Filter>源文件</Filter>
    </ClCompile>
    <ClCompile Include="GZIP.cpp">
      <Filter>源文件</Filter>
    </ClCompile>
  </ItemGroup>
  <ItemGroup>
    <ClInclude Include="TS_2DIFF_encoder.h">
      <Filter>头文件\Encoder</Filter>
    </ClInclude>
    <ClInclude Include="ByteArrayOutputStream.h">
      <Filter>头文件\File</Filter>
    </ClInclude>
    <ClInclude Include="zlib.h">
      <Filter>头文件\GZIP</Filter>
    </ClInclude>
    <ClInclude Include="zconf.h">
      <Filter>头文件\GZIP</Filter>
    </ClInclude>
    <ClInclude Include="zutil.h">
      <Filter>头文件\GZIP</Filter>
    </ClInclude>
    <ClInclude Include="GZIP.h">
      <Filter>头文件\GZIP</Filter>
    </ClInclude>
  </ItemGroup>
</Project>